
Microsoft Visual Studio Solution File, Format Version 12.00
# Visual Studio Version 17
VisualStudioVersion = 17.4.33205.214
MinimumVisualStudioVersion = 10.0.40219.1
Project("{FAE04EC0-301F-11D3-BF4B-00C04F79EFBC}") = "Sortech", "Sortech\Sortech.csproj", "{B69D865B-A157-4B8B-8D3F-446CD294ABEF}"
EndProject
Global
	GlobalSection(SolutionConfigurationPlatforms) = preSolution
		Debug|Any CPU = Debug|Any CPU
		Release|Any CPU = Release|Any CPU
	EndGlobalSection
	GlobalSection(ProjectConfigurationPlatforms) = postSolution
		{B69D865B-A157-4B8B-8D3F-446CD294ABEF}.Debug|Any CPU.ActiveCfg = Debug|Any CPU
		{B69D865B-A157-4B8B-8D3F-446CD294ABEF}.Debug|Any CPU.Build.0 = Debug|Any CPU
		{B69D865B-A157-4B8B-8D3F-446CD294ABEF}.Release|Any CPU.ActiveCfg = Release|Any CPU
		{B69D865B-A157-4B8B-8D3F-446CD294ABEF}.Release|Any CPU.Build.0 = Release|Any CPU
	EndGlobalSection
	GlobalSection(SolutionProperties) = preSolution
		HideSolutionNode = FALSE
	EndGlobalSection
	GlobalSection(ExtensibilityGlobals) = postSolution
		SolutionGuid = {C3EE74EF-BF25-4401-84A2-0AF028EA98AE}
	EndGlobalSection
EndGlobal
